PODS:
  - ADMobGenDeviceInfo (1.8.3.08121):
    - ADSuyiKit (~> 0.4.0)
    - ADSuyiLocationManager (~> 0.1.4)
    - ADSuyiNetwork (~> 0.1.3)
  - ADMobileAdSDK (3.2.6.08121):
    - ADMobGenDeviceInfo (~> 1.8.3.0)
    - ADSuyiKit (~> 0.4.0.0)
    - ADSuyiNetwork (~> 0.1.3.0)
  - ADSuyiAdMobile (3.2.6.08121):
    - ADMobileAdSDK (~> 3.2.6.0)
    - ADSuyiSDK (~> 3.0.6.0)
  - ADSuyiBU (3.1.0.5.08121):
    - ADSuyiSDK (~> 3.0.6.0)
    - Bytedance-UnionAD (= 3.1.0.5)
  - ADSuyiGDT (4.11.9.08121):
    - ADSuyiSDK (~> 3.0.6.0)
    - GDTMobSDK (= 4.11.9)
  - ADSuyiInmobi (7.4.7.08121):
    - ADSuyiSDK (~> 3.0.6.0)
    - InMobiSDK-China (= 7.4.7)
  - ADSuyiKit (0.4.0.08121)
  - ADSuyiLocationManager (0.1.4.08121)
  - ADSuyiMTG (6.3.5.0.08121):
    - ADSuyiSDK (~> 3.0.6.0)
    - MintegralAdSDK (= 6.3.5.0)
    - MintegralAdSDK/BannerAd
    - MintegralAdSDK/InterstitialAd
    - MintegralAdSDK/InterstitialVideoAd
    - MintegralAdSDK/NativeAd
    - MintegralAdSDK/RewardVideoAd
    - MintegralAdSDK/SplashAd
  - ADSuyiNetwork (0.1.3.08121):
    - ADSuyiKit (~> 0.4.0)
  - ADSuyiSDK (3.0.6.08121):
    - ADMobGenDeviceInfo (~> 1.8.3.0)
    - ADSuyiKit (~> 0.4.0.0)
    - ADSuyiNetwork (~> 0.1.3.0)
  - Bytedance-UnionAD (3.1.0.5)
  - GDTMobSDK (4.11.9):
    - GDTMobSDK/GDTMobSDK (= 4.11.9)
  - GDTMobSDK/GDTMobSDK (4.11.9)
  - InMobiSDK-China (7.4.7)
  - MintegralAdSDK (6.3.5.0):
    - MintegralAdSDK/NativeAd (= 6.3.5.0)
  - MintegralAdSDK/BannerAd (6.3.5.0):
    - MintegralAdSDK/NativeAd
  - MintegralAdSDK/InterstitialAd (6.3.5.0):
    - MintegralAdSDK/NativeAd
  - MintegralAdSDK/InterstitialVideoAd (6.3.5.0):
    - MintegralAdSDK/NativeAd
  - MintegralAdSDK/NativeAd (6.3.5.0)
  - MintegralAdSDK/RewardVideoAd (6.3.5.0):
    - MintegralAdSDK/NativeAd
  - MintegralAdSDK/SplashAd (6.3.5.0):
    - MintegralAdSDK/NativeAd
  - MJRefresh (3.4.3)

DEPENDENCIES:
  - ADSuyiAdMobile
  - ADSuyiBU
  - ADSuyiGDT
  - ADSuyiInmobi
  - ADSuyiMTG
  - ADSuyiSDK (~> 3.0.6)
  - MJRefresh

SPEC REPOS:
  https://github.com/CocoaPods/Specs.git:
    - ADMobGenDeviceInfo
    - ADMobileAdSDK
    - ADSuyiAdMobile
    - ADSuyiBU
    - ADSuyiGDT
    - ADSuyiInmobi
    - ADSuyiKit
    - ADSuyiLocationManager
    - ADSuyiMTG
    - ADSuyiNetwork
    - ADSuyiSDK
    - Bytedance-UnionAD
    - GDTMobSDK
    - InMobiSDK-China
    - MintegralAdSDK
    - MJRefresh

SPEC CHECKSUMS:
  ADMobGenDeviceInfo: b513f1340c6b6bcc949e42bde539cc76f0dbdce5
  ADMobileAdSDK: 772ad79abd6910580c2fa45ab55898aab331ce4c
  ADSuyiAdMobile: bd7d14455fa26fa39978c024698317ec14f46b0b
  ADSuyiBU: b25b3ad9a3ae4bea561e061ba8c10e88560091f1
  ADSuyiGDT: 03b4339a276136dbc00c0490b143b8614bf75ab2
  ADSuyiInmobi: 976bb93be2570b09b00e278f0c120d3a0308b509
  ADSuyiKit: a023202a302424d641962c7e097b4944b7ac8e26
  ADSuyiLocationManager: 160cb570704b9a2f2eef10529f97d7a7bfcb52f3
  ADSuyiMTG: b04890cfe2d7f883b53fe340b3f3ef20a8a0f187
  ADSuyiNetwork: a0efd7ab80991268566813fd88161e9c81f84cf8
  ADSuyiSDK: c7eabd0fed0607794b6cbb5884a3a601b6f24266
  Bytedance-UnionAD: 4768919f6de97eb29687b8e50cee65eef5e9f3a9
  GDTMobSDK: b6427056bbca5ff7b654777604820133006507e5
  InMobiSDK-China: b79559d5c198df34003a9409071457b489942492
  MintegralAdSDK: 04ee6c4d83d16512dedb6821e509624486d4c6e6
  MJRefresh: 53e3e3219f204425ee6d3e62e8733d3295944cd6

PODFILE CHECKSUM: edb6f68a898bbd6d7826ff13ec219e29fb28b981

COCOAPODS: 1.9.1
